
Microsoft Visual Studio Solution File, Format Version 12.00
# Visual Studio 15
VisualStudioVersion = 15.0.28010.2048
MinimumVisualStudioVersion = 10.0.40219.1
Project("{8BC9CEB8-8B4A-11D0-8D11-00A0C91BC942}") = "Лабораторная 1 (часть 2)", "Лабораторная 1 (часть 2)\Лабораторная 1 (часть 2).vcxproj", "{A228966C-4353-4A39-811F-BE3241865C1A}"
EndProject
Global
	GlobalSection(SolutionConfigurationPlatforms) = preSolution
		Debug|x64 = Debug|x64
		Debug|x86 = Debug|x86
		Release|x64 = Release|x64
		Release|x86 = Release|x86
	EndGlobalSection
	GlobalSection(ProjectConfigurationPlatforms) = postSolution
		{A228966C-4353-4A39-811F-BE3241865C1A}.Debug|x64.ActiveCfg = Debug|x64
		{A228966C-4353-4A39-811F-BE3241865C1A}.Debug|x64.Build.0 = Debug|x64
		{A228966C-4353-4A39-811F-BE3241865C1A}.Debug|x86.ActiveCfg = Debug|Win32
		{A228966C-4353-4A39-811F-BE3241865C1A}.Debug|x86.Build.0 = Debug|Win32
		{A228966C-4353-4A39-811F-BE3241865C1A}.Release|x64.ActiveCfg = Release|x64
		{A228966C-4353-4A39-811F-BE3241865C1A}.Release|x64.Build.0 = Release|x64
		{A228966C-4353-4A39-811F-BE3241865C1A}.Release|x86.ActiveCfg = Release|Win32
		{A228966C-4353-4A39-811F-BE3241865C1A}.Release|x86.Build.0 = Release|Win32
	EndGlobalSection
	GlobalSection(SolutionProperties) = preSolution
		HideSolutionNode = FALSE
	EndGlobalSection
	GlobalSection(ExtensibilityGlobals) = postSolution
		SolutionGuid = {361A2A9E-B9AF-48E1-83A6-32FA40A9653C}
	EndGlobalSection
EndGlobal
